// !$*UTF8*$!
{
	archiveVersion = 1;
	classes = {
	};
	objectVersion = 55;
	objects = {

/* Begin PBXBuildFile section */
		746BEE59282BFC2E00377157 /* AppDelegate.swift in Sources */ = {isa = PBXBuildFile; fileRef = 746BEE58282BFC2E00377157 /* AppDelegate.swift */; };
		746BEE5B282BFC2E00377157 /* SceneDelegate.swift in Sources */ = {isa = PBXBuildFile; fileRef = 746BEE5A282BFC2E00377157 /* SceneDelegate.swift */; };
		746BEE5D282BFC2E00377157 /* ViewController.swift in Sources */ = {isa = PBXBuildFile; fileRef = 746BEE5C282BFC2E00377157 /* ViewController.swift */; };
		746BEE60282BFC2E00377157 /* Main.storyboard in Resources */ = {isa = PBXBuildFile; fileRef = 746BEE5E282BFC2E00377157 /* Main.storyboard */; };
		746BEE63282BFC2E00377157 /* ListaTareasCD.xcdatamodeld in Sources */ = {isa = PBXBuildFile; fileRef = 746BEE61282BFC2E00377157 /* ListaTareasCD.xcdatamodeld */; };
		746BEE65282BFC3000377157 /* Assets.xcassets in Resources */ = {isa = PBXBuildFile; fileRef = 746BEE64282BFC3000377157 /* Assets.xcassets */; };
		746BEE68282BFC3000377157 /* LaunchScreen.storyboard in Resources */ = {isa = PBXBuildFile; fileRef = 746BEE66282BFC3000377157 /* LaunchScreen.storyboard */; };
		746BEE70282BFD3D00377157 /* NuevaTareaViewController.swift in Sources */ = {isa = PBXBuildFile; fileRef = 746BEE6F282BFD3D00377157 /* NuevaTareaViewController.swift */; };
		746BEE72282BFD5000377157 /* EditarTareaViewController.swift in Sources */ = {isa = PBXBuildFile; fileRef = 746BEE71282BFD5000377157 /* EditarTareaViewController.swift */; };
/* End PBXBuildFile section */

/* Begin PBXFileReference section */
		746BEE55282BFC2E00377157 /* ListaTareasCD.app */ = {isa = PBXFileReference; explicitFileType = wrapper.application; includeInIndex = 0; path = ListaTareasCD.app; sourceTree = BUILT_PRODUCTS_DIR; };
		746BEE58282BFC2E00377157 /* AppDelegate.swift */ = {isa = PBXFileReference; lastKnownFileType = sourcecode.swift; path = AppDelegate.swift; sourceTree = "<group>"; };
		746BEE5A282BFC2E00377157 /* SceneDelegate.swift */ = {isa = PBXFileReference; lastKnownFileType = sourcecode.swift; path = SceneDelegate.swift; sourceTree = "<group>"; };
		746BEE5C282BFC2E00377157 /* ViewController.swift */ = {isa = PBXFileReference; lastKnownFileType = sourcecode.swift; path = ViewController.swift; sourceTree = "<group>"; };
		746BEE5F282BFC2E00377157 /* Base */ = {isa = PBXFileReference; lastKnownFileType = file.storyboard; name = Base; path = Base.lproj/Main.storyboard; sourceTree = "<group>"; };
		746BEE62282BFC2E00377157 /* ListaTareasCD.xcdatamodel */ = {isa = PBXFileReference; lastKnownFileType = wrapper.xcdatamodel; path = ListaTareasCD.xcdatamodel; sourceTree = "<group>"; };
		746BEE64282BFC3000377157 /* Assets.xcassets */ = {isa = PBXFileReference; lastKnownFileType = folder.assetcatalog; path = Assets.xcassets; sourceTree = "<group>"; };
		746BEE67282BFC3000377157 /* Base */ = {isa = PBXFileReference; lastKnownFileType = file.storyboard; name = Base; path = Base.lproj/LaunchScreen.storyboard; sourceTree = "<group>"; };
		746BEE69282BFC3000377157 /* Info.plist */ = {isa = PBXFileReference; lastKnownFileType = text.plist.xml; path = Info.plist; sourceTree = "<group>"; };
		746BEE6F282BFD3D00377157 /* NuevaTareaViewController.swift */ = {isa = PBXFileReference; lastKnownFileType = sourcecode.swift; path = NuevaTareaViewController.swift; sourceTree = "<group>"; };
		746BEE71282BFD5000377157 /* EditarTareaViewController.swift */ = {isa = PBXFileReference; lastKnownFileType = sourcecode.swift; path = EditarTareaViewController.swift; sourceTree = "<group>"; };
/* End PBXFileReference section */

/* Begin PBXFrameworksBuildPhase section */
		746BEE52282BFC2E00377157 /* Frameworks */ = {
			isa = PBXFrameworksBuildPhase;
			buildActionMask = 2147483647;
			files = (
			);
			runOnlyForDeploymentPostprocessing = 0;
		};
/* End PBXFrameworksBuildPhase section */

/* Begin PBXGroup section */
		746BEE4C282BFC2E00377157 = {
			isa = PBXGroup;
			children = (
				746BEE57282BFC2E00377157 /* ListaTareasCD */,
				746BEE56282BFC2E00377157 /* Products */,
			);
			sourceTree = "<group>";
		};
		746BEE56282BFC2E00377157 /* Products */ = {
			isa = PBXGroup;
			children = (
				746BEE55282BFC2E00377157 /* ListaTareasCD.app */,
			);
			name = Products;
			sourceTree = "<group>";
		};
		746BEE57282BFC2E00377157 /* ListaTareasCD */ = {
			isa = PBXGroup;
			children = (
				746BEE58282BFC2E00377157 /* AppDelegate.swift */,
				746BEE5A282BFC2E00377157 /* SceneDelegate.swift */,
				746BEE5C282BFC2E00377157 /* ViewController.swift */,
				746BEE5E282BFC2E00377157 /* Main.storyboard */,
				746BEE64282BFC3000377157 /* Assets.xcassets */,
				746BEE66282BFC3000377157 /* LaunchScreen.storyboard */,
				746BEE69282BFC3000377157 /* Info.plist */,
				746BEE61282BFC2E00377157 /* ListaTareasCD.xcdatamodeld */,
				746BEE6F282BFD3D00377157 /* NuevaTareaViewController.swift */,
				746BEE71282BFD5000377157 /* EditarTareaViewController.swift */,
			);
			path = ListaTareasCD;
			sourceTree = "<group>";
		};
/* End PBXGroup section */

/* Begin PBXNativeTarget section */
		746BEE54282BFC2E00377157 /* ListaTareasCD */ = {
			isa = PBXNativeTarget;
			buildConfigurationList = 746BEE6C282BFC3000377157 /* Build configuration list for PBXNativeTarget "ListaTareasCD" */;
			buildPhases = (
				746BEE51282BFC2E00377157 /* Sources */,
				746BEE52282BFC2E00377157 /* Frameworks */,
				746BEE53282BFC2E00377157 /* Resources */,
			);
			buildRules = (
			);
			dependencies = (
			);
			name = ListaTareasCD;
			productName = ListaTareasCD;
			productReference = 746BEE55282BFC2E00377157 /* ListaTareasCD.app */;
			productType = "com.apple.product-type.application";
		};
/* End PBXNativeTarget section */

/* Begin PBXProject section */
		746BEE4D282BFC2E00377157 /* Project object */ = {
			isa = PBXProject;
			attributes = {
				BuildIndependentTargetsInParallel = 1;
				LastSwiftUpdateCheck = 1330;
				LastUpgradeCheck = 1330;
				TargetAttributes = {
					746BEE54282BFC2E00377157 = {
						CreatedOnToolsVersion = 13.3;
					};
				};
			};
			buildConfigurationList = 746BEE50282BFC2E00377157 /* Build configuration list for PBXProject "ListaTareasCD" */;
			compatibilityVersion = "Xcode 13.0";
			developmentRegion = en;
			hasScannedForEncodings = 0;
			knownRegions = (
				en,
				Base,
			);
			mainGroup = 746BEE4C282BFC2E00377157;
			productRefGroup = 746BEE56282BFC2E00377157 /* Products */;
			projectDirPath = "";
			projectRoot = "";
			targets = (
				746BEE54282BFC2E00377157 /* ListaTareasCD */,
			);
		};
/* End PBXProject section */

/* Begin PBXResourcesBuildPhase section */
		746BEE53282BFC2E00377157 /* Resources */ = {
			isa = PBXResourcesBuildPhase;
			buildActionMask = 2147483647;
			files = (
				746BEE68282BFC3000377157 /* LaunchScreen.storyboard in Resources */,
				746BEE65282BFC3000377157 /* Assets.xcassets in Resources */,
				746BEE60282BFC2E00377157 /* Main.storyboard in Resources */,
			);
			runOnlyForDeploymentPostprocessing = 0;
		};
/* End PBXResourcesBuildPhase section */

/* Begin PBXSourcesBuildPhase section */
		746BEE51282BFC2E00377157 /* Sources */ = {
			isa = PBXSourcesBuildPhase;
			buildActionMask = 2147483647;
			files = (
				746BEE70282BFD3D00377157 /* NuevaTareaViewController.swift in Sources */,
				746BEE5D282BFC2E00377157 /* ViewController.swift in Sources */,
				746BEE59282BFC2E00377157 /* AppDelegate.swift in Sources */,
				746BEE72282BFD5000377157 /* EditarTareaViewController.swift in Sources */,
				746BEE63282BFC2E00377157 /* ListaTareasCD.xcdatamodeld in Sources */,
				746BEE5B282BFC2E00377157 /* SceneDelegate.swift in Sources */,
			);
			runOnlyForDeploymentPostprocessing = 0;
		};
/* End PBXSourcesBuildPhase section */

/* Begin PBXVariantGroup section */
		746BEE5E282BFC2E00377157 /* Main.storyboard */ = {
			isa = PBXVariantGroup;
			children = (
				746BEE5F282BFC2E00377157 /* Base */,
			);
			name = Main.storyboard;
			sourceTree = "<group>";
		};
		746BEE66282BFC3000377157 /* LaunchScreen.storyboard */ = {
			isa = PBXVariantGroup;
			children = (
				746BEE67282BFC3000377157 /* Base */,
			);
			name = LaunchScreen.storyboard;
			sourceTree = "<group>";
		};
/* End PBXVariantGroup section */

/* Begin XCBuildConfiguration section */
		746BEE6A282BFC3000377157 /* Debug */ = {
			isa = XCBuildConfiguration;
			buildSettings = {
				ALWAYS_SEARCH_USER_PATHS = NO;
				CLANG_ANALYZER_NONNULL = YES;
				CLANG_ANALYZER_NUMBER_OBJECT_CONVERSION = YES_AGGRESSIVE;
				CLANG_CXX_LANGUAGE_STANDARD = "gnu++17";
				CLANG_ENABLE_MODULES = YES;
				CLANG_ENABLE_OBJC_ARC = YES;
				CLANG_ENABLE_OBJC_WEAK = YES;
				CLANG_WARN_BLOCK_CAPTURE_AUTORELEASING = YES;
				CLANG_WARN_BOOL_CONVERSION = YES;
				CLANG_WARN_COMMA = YES;
				CLANG_WARN_CONSTANT_CONVERSION = YES;
				CLANG_WARN_DEPRECATED_OBJC_IMPLEMENTATIONS = YES;
				CLANG_WARN_DIRECT_OBJC_ISA_USAGE = YES_ERROR;
				CLANG_WARN_DOCUMENTATION_COMMENTS = YES;
				CLANG_WARN_EMPTY_BODY = YES;
				CLANG_WARN_ENUM_CONVERSION = YES;
				CLANG_WARN_INFINITE_RECURSION = YES;
				CLANG_WARN_INT_CONVERSION = YES;
				CLANG_WARN_NON_LITERAL_NULL_CONVERSION = YES;
				CLANG_WARN_OBJC_IMPLICIT_RETAIN_SELF = YES;
				CLANG_WARN_OBJC_LITERAL_CONVERSION = YES;
				CLANG_WARN_OBJC_ROOT_CLASS = YES_ERROR;
				CLANG_WARN_QUOTED_INCLUDE_IN_FRAMEWORK_HEADER = YES;
				CLANG_WARN_RANGE_LOOP_ANALYSIS = YES;
				CLANG_WARN_STRICT_PROTOTYPES = YES;
				CLANG_WARN_SUSPICIOUS_MOVE = YES;
				CLANG_WARN_UNGUARDED_AVAILABILITY = YES_AGGRESSIVE;
				CLANG_WARN_UNREACHABLE_CODE = YES;
				CLANG_WARN__DUPLICATE_METHOD_MATCH = YES;
				COPY_PHASE_STRIP = NO;
				DEBUG_INFORMATION_FORMAT = dwarf;
				ENABLE_STRICT_OBJC_MSGSEND = YES;
				ENABLE_TESTABILITY = YES;
				GCC_C_LANGUAGE_STANDARD = gnu11;
				GCC_DYNAMIC_NO_PIC = NO;
				GCC_NO_COMMON_BLOCKS = YES;
				GCC_OPTIMIZATION_LEVEL = 0;
				GCC_PREPROCESSOR_DEFINITIONS = (
					"DEBUG=1",
					"$(inherited)",
				);
				GCC_WARN_64_TO_32_BIT_CONVERSION = YES;
				GCC_WARN_ABOUT_RETURN_TYPE = YES_ERROR;
				GCC_WARN_UNDECLARED_SELECTOR = YES;
				GCC_WARN_UNINITIALIZED_AUTOS = YES_AGGRESSIVE;
				GCC_WARN_UNUSED_FUNCTION = YES;
				GCC_WARN_UNUSED_VARIABLE = YES;
				IPHONEOS_DEPLOYMENT_TARGET = 15.4;
				MTL_ENABLE_DEBUG_INFO = INCLUDE_SOURCE;
				MTL_FAST_MATH = YES;
				ONLY_ACTIVE_ARCH = YES;
				SDKROOT = iphoneos;
				SWIFT_ACTIVE_COMPILATION_CONDITIONS = DEBUG;
				SWIFT_OPTIMIZATION_LEVEL = "-Onone";
			};
			name = Debug;
		};
		746BEE6B282BFC3000377157 /* Release */ = {
			isa = XCBuildConfiguration;
			buildSettings = {
				ALWAYS_SEARCH_USER_PATHS = NO;
				CLANG_ANALYZER_NONNULL = YES;
				CLANG_ANALYZER_NUMBER_OBJECT_CONVERSION = YES_AGGRESSIVE;
				CLANG_CXX_LANGUAGE_STANDARD = "gnu++17";
				CLANG_ENABLE_MODULES = YES;
				CLANG_ENABLE_OBJC_ARC = YES;
				CLANG_ENABLE_OBJC_WEAK = YES;
				CLANG_WARN_BLOCK_CAPTURE_AUTORELEASING = YES;
				CLANG_WARN_BOOL_CONVERSION = YES;
				CLANG_WARN_COMMA = YES;
				CLANG_WARN_CONSTANT_CONVERSION = YES;
				CLANG_WARN_DEPRECATED_OBJC_IMPLEMENTATIONS = YES;
				CLANG_WARN_DIRECT_OBJC_ISA_USAGE = YES_ERROR;
				CLANG_WARN_DOCUMENTATION_COMMENTS = YES;
				CLANG_WARN_EMPTY_BODY = YES;
				CLANG_WARN_ENUM_CONVERSION = YES;
				CLANG_WARN_INFINITE_RECURSION = YES;
				CLANG_WARN_INT_CONVERSION = YES;
				CLANG_WARN_NON_LITERAL_NULL_CONVERSION = YES;
				CLANG_WARN_OBJC_IMPLICIT_RETAIN_SELF = YES;
				CLANG_WARN_OBJC_LITERAL_CONVERSION = YES;
				CLANG_WARN_OBJC_ROOT_CLASS = YES_ERROR;
				CLANG_WARN_QUOTED_INCLUDE_IN_FRAMEWORK_HEADER = YES;
				CLANG_WARN_RANGE_LOOP_ANALYSIS = YES;
				CLANG_WARN_STRICT_PROTOTYPES = YES;
				CLANG_WARN_SUSPICIOUS_MOVE = YES;
				CLANG_WARN_UNGUARDED_AVAILABILITY = YES_AGGRESSIVE;
				CLANG_WARN_UNREACHABLE_CODE = YES;
				CLANG_WARN__DUPLICATE_METHOD_MATCH = YES;
				COPY_PHASE_STRIP = NO;
				DEBUG_INFORMATION_FORMAT = "dwarf-with-dsym";
				ENABLE_NS_ASSERTIONS = NO;
				ENABLE_STRICT_OBJC_MSGSEND = YES;
				GCC_C_LANGUAGE_STANDARD = gnu11;
				GCC_NO_COMMON_BLOCKS = YES;
				GCC_WARN_64_TO_32_BIT_CONVERSION = YES;
				GCC_WARN_ABOUT_RETURN_TYPE = YES_ERROR;
				GCC_WARN_UNDECLARED_SELECTOR = YES;
				GCC_WARN_UNINITIALIZED_AUTOS = YES_AGGRESSIVE;
				GCC_WARN_UNUSED_FUNCTION = YES;
				GCC_WARN_UNUSED_VARIABLE = YES;
				IPHONEOS_DEPLOYMENT_TARGET = 15.4;
				MTL_ENABLE_DEBUG_INFO = NO;
				MTL_FAST_MATH = YES;
				SDKROOT = iphoneos;
				SWIFT_COMPILATION_MODE = wholemodule;
				SWIFT_OPTIMIZATION_LEVEL = "-O";
				VALIDATE_PRODUCT = YES;
			};
			name = Release;
		};
		746BEE6D282BFC3000377157 /* Debug */ = {
			isa = XCBuildConfiguration;
			buildSettings = {
				ASSETCATALOG_COMPILER_APPICON_NAME = AppIcon;
				ASSETCATALOG_COMPILER_GLOBAL_ACCENT_COLOR_NAME = AccentColor;
				CODE_SIGN_STYLE = Automatic;
				CURRENT_PROJECT_VERSION = 1;
				GENERATE_INFOPLIST_FILE = YES;
				INFOPLIST_FILE = ListaTareasCD/Info.plist;
				INFOPLIST_KEY_UIApplicationSupportsIndirectInputEvents = YES;
				INFOPLIST_KEY_UILaunchStoryboardName = LaunchScreen;
				INFOPLIST_KEY_UIMainStoryboardFile = Main;
				INFOPLIST_KEY_UISupportedInterfaceOrientations_iPad = "UIInterfaceOrientationPortrait UIInterfaceOrientationPortraitUpsideDown UIInterfaceOrientationLandscapeLeft UIInterfaceOrientationLandscapeRight";
				INFOPLIST_KEY_UISupportedInterfaceOrientations_iPhone = "UIInterfaceOrientationPortrait UIInterfaceOrientationLandscapeLeft UIInterfaceOrientationLandscapeRight";
				LD_RUNPATH_SEARCH_PATHS = (
					"$(inherited)",
					"@executable_path/Frameworks",
				);
				MARKETING_VERSION = 1.0;
				PRODUCT_BUNDLE_IDENTIFIER = com.Alexander.ListaTareasCD;
				PRODUCT_NAME = "$(TARGET_NAME)";
				SWIFT_EMIT_LOC_STRINGS = YES;
				SWIFT_VERSION = 5.0;
				TARGETED_DEVICE_FAMILY = "1,2";
			};
			name = Debug;
		};
		746BEE6E282BFC3000377157 /* Release */ = {
			isa = XCBuildConfiguration;
			buildSettings = {
				ASSETCATALOG_COMPILER_APPICON_NAME = AppIcon;
				ASSETCATALOG_COMPILER_GLOBAL_ACCENT_COLOR_NAME = AccentColor;
				CODE_SIGN_STYLE = Automatic;
				CURRENT_PROJECT_VERSION = 1;
				GENERATE_INFOPLIST_FILE = YES;
				INFOPLIST_FILE = ListaTareasCD/Info.plist;
				INFOPLIST_KEY_UIApplicationSupportsIndirectInputEvents = YES;
				INFOPLIST_KEY_UILaunchStoryboardName = LaunchScreen;
				INFOPLIST_KEY_UIMainStoryboardFile = Main;
				INFOPLIST_KEY_UISupportedInterfaceOrientations_iPad = "UIInterfaceOrientationPortrait UIInterfaceOrientationPortraitUpsideDown UIInterfaceOrientationLandscapeLeft UIInterfaceOrientationLandscapeRight";
				INFOPLIST_KEY_UISupportedInterfaceOrientations_iPhone = "UIInterfaceOrientationPortrait UIInterfaceOrientationLandscapeLeft UIInterfaceOrientationLandscapeRight";
				LD_RUNPATH_SEARCH_PATHS = (
					"$(inherited)",
					"@executable_path/Frameworks",
				);
				MARKETING_VERSION = 1.0;
				PRODUCT_BUNDLE_IDENTIFIER = com.Alexander.ListaTareasCD;
				PRODUCT_NAME = "$(TARGET_NAME)";
				SWIFT_EMIT_LOC_STRINGS = YES;
				SWIFT_VERSION = 5.0;
				TARGETED_DEVICE_FAMILY = "1,2";
			};
			name = Release;
		};
/* End XCBuildConfiguration section */

/* Begin XCConfigurationList section */
		746BEE50282BFC2E00377157 /* Build configuration list for PBXProject "ListaTareasCD" */ = {
			isa = XCConfigurationList;
			buildConfigurations = (
				746BEE6A282BFC3000377157 /* Debug */,
				746BEE6B282BFC3000377157 /* Release */,
			);
			defaultConfigurationIsVisible = 0;
			defaultConfigurationName = Release;
		};
		746BEE6C282BFC3000377157 /* Build configuration list for PBXNativeTarget "ListaTareasCD" */ = {
			isa = XCConfigurationList;
			buildConfigurations = (
				746BEE6D282BFC3000377157 /* Debug */,
				746BEE6E282BFC3000377157 /* Release */,
			);
			defaultConfigurationIsVisible = 0;
			defaultConfigurationName = Release;
		};
/* End XCConfigurationList section */

/* Begin XCVersionGroup section */
		746BEE61282BFC2E00377157 /* ListaTareasCD.xcdatamodeld */ = {
			isa = XCVersionGroup;
			children = (
				746BEE62282BFC2E00377157 /* ListaTareasCD.xcdatamodel */,
			);
			currentVersion = 746BEE62282BFC2E00377157 /* ListaTareasCD.xcdatamodel */;
			path = ListaTareasCD.xcdatamodeld;
			sourceTree = "<group>";
			versionGroupType = wrapper.xcdatamodel;
		};
/* End XCVersionGroup section */
	};
	rootObject = 746BEE4D282BFC2E00377157 /* Project object */;
}
